// !$*UTF8*$!
{
	archiveVersion = 1;
	classes = {
	};
	objectVersion = 46;
	objects = {

/* Begin PBXBuildFile section */
		8B5549101ECB0039009C5561 /* AppDelegate.swift in Sources */ = {isa = PBXBuildFile; fileRef = 8B55490F1ECB0039009C5561 /* AppDelegate.swift */; };
		8B5549121ECB0039009C5561 /* ViewController.swift in Sources */ = {isa = PBXBuildFile; fileRef = 8B5549111ECB0039009C5561 /* ViewController.swift */; };
		8B5549151ECB0039009C5561 /* Main.storyboard in Resources */ = {isa = PBXBuildFile; fileRef = 8B5549131ECB0039009C5561 /* Main.storyboard */; };
		8B5549171ECB0039009C5561 /* Assets.xcassets in Resources */ = {isa = PBXBuildFile; fileRef = 8B5549161ECB0039009C5561 /* Assets.xcassets */; };
		8B55491A1ECB0039009C5561 /* LaunchScreen.storyboard in Resources */ = {isa = PBXBuildFile; fileRef = 8B5549181ECB0039009C5561 /* LaunchScreen.storyboard */; };
		8B5549251ECB0039009C5561 /* WordListStudy3Tests.swift in Sources */ = {isa = PBXBuildFile; fileRef = 8B5549241ECB0039009C5561 /* WordListStudy3Tests.swift */; };
		8B5549301ECB0039009C5561 /* WordListStudy3UITests.swift in Sources */ = {isa = PBXBuildFile; fileRef = 8B55492F1ECB0039009C5561 /* WordListStudy3UITests.swift */; };
		8B55493E1ECB079B009C5561 /* QuestionViewController.swift in Sources */ = {isa = PBXBuildFile; fileRef = 8B55493D1ECB079B009C5561 /* QuestionViewController.swift */; };
		8B5549401ECB07A8009C5561 /* FinishViewController.swift in Sources */ = {isa = PBXBuildFile; fileRef = 8B55493F1ECB07A8009C5561 /* FinishViewController.swift */; };
		8B5549441ECB07CC009C5561 /* AddViewController.swift in Sources */ = {isa = PBXBuildFile; fileRef = 8B5549431ECB07CC009C5561 /* AddViewController.swift */; };
		8B5549461ECB07F0009C5561 /* ListTableViewController.swift in Sources */ = {isa = PBXBuildFile; fileRef = 8B5549451ECB07F0009C5561 /* ListTableViewController.swift */; };
		8BFA94361ECB272B000F78D9 /* ListTableViewCell.swift in Sources */ = {isa = PBXBuildFile; fileRef = 8BFA94341ECB272B000F78D9 /* ListTableViewCell.swift */; };
		8BFA94371ECB272B000F78D9 /* ListTableViewCell.xib in Resources */ = {isa = PBXBuildFile; fileRef = 8BFA94351ECB272B000F78D9 /* ListTableViewCell.xib */; };
/* End PBXBuildFile section */

/* Begin PBXContainerItemProxy section */
		8B5549211ECB0039009C5561 /* PBXContainerItemProxy */ = {
			isa = PBXContainerItemProxy;
			containerPortal = 8B5549041ECB0039009C5561 /* Project object */;
			proxyType = 1;
			remoteGlobalIDString = 8B55490B1ECB0039009C5561;
			remoteInfo = WordListStudy3;
		};
		8B55492C1ECB0039009C5561 /* PBXContainerItemProxy */ = {
			isa = PBXContainerItemProxy;
			containerPortal = 8B5549041ECB0039009C5561 /* Project object */;
			proxyType = 1;
			remoteGlobalIDString = 8B55490B1ECB0039009C5561;
			remoteInfo = WordListStudy3;
		};
/* End PBXContainerItemProxy section */

/* Begin PBXFileReference section */
		8B55490C1ECB0039009C5561 /* WordListStudy3.app */ = {isa = PBXFileReference; explicitFileType = wrapper.application; includeInIndex = 0; path = WordListStudy3.app; sourceTree = BUILT_PRODUCTS_DIR; };
		8B55490F1ECB0039009C5561 /* AppDelegate.swift */ = {isa = PBXFileReference; lastKnownFileType = sourcecode.swift; path = AppDelegate.swift; sourceTree = "<group>"; };
		8B5549111ECB0039009C5561 /* ViewController.swift */ = {isa = PBXFileReference; lastKnownFileType = sourcecode.swift; path = ViewController.swift; sourceTree = "<group>"; };
		8B5549141ECB0039009C5561 /* Base */ = {isa = PBXFileReference; lastKnownFileType = file.storyboard; name = Base; path = Base.lproj/Main.storyboard; sourceTree = "<group>"; };
		8B5549161ECB0039009C5561 /* Assets.xcassets */ = {isa = PBXFileReference; lastKnownFileType = folder.assetcatalog; path = Assets.xcassets; sourceTree = "<group>"; };
		8B5549191ECB0039009C5561 /* Base */ = {isa = PBXFileReference; lastKnownFileType = file.storyboard; name = Base; path = Base.lproj/LaunchScreen.storyboard; sourceTree = "<group>"; };
		8B55491B1ECB0039009C5561 /* Info.plist */ = {isa = PBXFileReference; lastKnownFileType = text.plist.xml; path = Info.plist; sourceTree = "<group>"; };
		8B5549201ECB0039009C5561 /* WordListStudy3Tests.xctest */ = {isa = PBXFileReference; explicitFileType = wrapper.cfbundle; includeInIndex = 0; path = WordListStudy3Tests.xctest; sourceTree = BUILT_PRODUCTS_DIR; };
		8B5549241ECB0039009C5561 /* WordListStudy3Tests.swift */ = {isa = PBXFileReference; lastKnownFileType = sourcecode.swift; path = WordListStudy3Tests.swift; sourceTree = "<group>"; };
		8B5549261ECB0039009C5561 /* Info.plist */ = {isa = PBXFileReference; lastKnownFileType = text.plist.xml; path = Info.plist; sourceTree = "<group>"; };
		8B55492B1ECB0039009C5561 /* WordListStudy3UITests.xctest */ = {isa = PBXFileReference; explicitFileType = wrapper.cfbundle; includeInIndex = 0; path = WordListStudy3UITests.xctest; sourceTree = BUILT_PRODUCTS_DIR; };
		8B55492F1ECB0039009C5561 /* WordListStudy3UITests.swift */ = {isa = PBXFileReference; lastKnownFileType = sourcecode.swift; path = WordListStudy3UITests.swift; sourceTree = "<group>"; };
		8B5549311ECB0039009C5561 /* Info.plist */ = {isa = PBXFileReference; lastKnownFileType = text.plist.xml; path = Info.plist; sourceTree = "<group>"; };
		8B55493D1ECB079B009C5561 /* QuestionViewController.swift */ = {isa = PBXFileReference; fileEncoding = 4; lastKnownFileType = sourcecode.swift; path = QuestionViewController.swift; sourceTree = "<group>"; };
		8B55493F1ECB07A8009C5561 /* FinishViewController.swift */ = {isa = PBXFileReference; fileEncoding = 4; lastKnownFileType = sourcecode.swift; path = FinishViewController.swift; sourceTree = "<group>"; };
		8B5549431ECB07CC009C5561 /* AddViewController.swift */ = {isa = PBXFileReference; fileEncoding = 4; lastKnownFileType = sourcecode.swift; path = AddViewController.swift; sourceTree = "<group>"; };
		8B5549451ECB07F0009C5561 /* ListTableViewController.swift */ = {isa = PBXFileReference; fileEncoding = 4; lastKnownFileType = sourcecode.swift; name = ListTableViewController.swift; path = ../ListTableViewController.swift; sourceTree = "<group>"; };
		8BFA94341ECB272B000F78D9 /* ListTableViewCell.swift */ = {isa = PBXFileReference; fileEncoding = 4; lastKnownFileType = sourcecode.swift; path = ListTableViewCell.swift; sourceTree = "<group>"; };
		8BFA94351ECB272B000F78D9 /* ListTableViewCell.xib */ = {isa = PBXFileReference; fileEncoding = 4; lastKnownFileType = file.xib; path = ListTableViewCell.xib; sourceTree = "<group>"; };
/* End PBXFileReference section */

/* Begin PBXFrameworksBuildPhase section */
		8B5549091ECB0039009C5561 /* Frameworks */ = {
			isa = PBXFrameworksBuildPhase;
			buildActionMask = 2147483647;
			files = (
			);
			runOnlyForDeploymentPostprocessing = 0;
		};
		8B55491D1ECB0039009C5561 /* Frameworks */ = {
			isa = PBXFrameworksBuildPhase;
			buildActionMask = 2147483647;
			files = (
			);
			runOnlyForDeploymentPostprocessing = 0;
		};
		8B5549281ECB0039009C5561 /* Frameworks */ = {
			isa = PBXFrameworksBuildPhase;
			buildActionMask = 2147483647;
			files = (
			);
			runOnlyForDeploymentPostprocessing = 0;
		};
/* End PBXFrameworksBuildPhase section */

/* Begin PBXGroup section */
		8B5549031ECB0039009C5561 = {
			isa = PBXGroup;
			children = (
				8B55490E1ECB0039009C5561 /* WordListStudy3 */,
				8B5549231ECB0039009C5561 /* WordListStudy3Tests */,
				8B55492E1ECB0039009C5561 /* WordListStudy3UITests */,
				8B55490D1ECB0039009C5561 /* Products */,
			);
			sourceTree = "<group>";
		};
		8B55490D1ECB0039009C5561 /* Products */ = {
			isa = PBXGroup;
			children = (
				8B55490C1ECB0039009C5561 /* WordListStudy3.app */,
				8B5549201ECB0039009C5561 /* WordListStudy3Tests.xctest */,
				8B55492B1ECB0039009C5561 /* WordListStudy3UITests.xctest */,
			);
			name = Products;
			sourceTree = "<group>";
		};
		8B55490E1ECB0039009C5561 /* WordListStudy3 */ = {
			isa = PBXGroup;
			children = (
				8B55490F1ECB0039009C5561 /* AppDelegate.swift */,
				8B5549131ECB0039009C5561 /* Main.storyboard */,
				8B5549111ECB0039009C5561 /* ViewController.swift */,
				8B55493D1ECB079B009C5561 /* QuestionViewController.swift */,
				8B55493F1ECB07A8009C5561 /* FinishViewController.swift */,
				8B5549431ECB07CC009C5561 /* AddViewController.swift */,
				8BFA94341ECB272B000F78D9 /* ListTableViewCell.swift */,
				8BFA94351ECB272B000F78D9 /* ListTableViewCell.xib */,
				8B5549451ECB07F0009C5561 /* ListTableViewController.swift */,
				8B5549161ECB0039009C5561 /* Assets.xcassets */,
				8B5549181ECB0039009C5561 /* LaunchScreen.storyboard */,
				8B55491B1ECB0039009C5561 /* Info.plist */,
			);
			path = WordListStudy3;
			sourceTree = "<group>";
		};
		8B5549231ECB0039009C5561 /* WordListStudy3Tests */ = {
			isa = PBXGroup;
			children = (
				8B5549241ECB0039009C5561 /* WordListStudy3Tests.swift */,
				8B5549261ECB0039009C5561 /* Info.plist */,
			);
			path = WordListStudy3Tests;
			sourceTree = "<group>";
		};
		8B55492E1ECB0039009C5561 /* WordListStudy3UITests */ = {
			isa = PBXGroup;
			children = (
				8B55492F1ECB0039009C5561 /* WordListStudy3UITests.swift */,
				8B5549311ECB0039009C5561 /* Info.plist */,
			);
			path = WordListStudy3UITests;
			sourceTree = "<group>";
		};
/* End PBXGroup section */

/* Begin PBXNativeTarget section */
		8B55490B1ECB0039009C5561 /* WordListStudy3 */ = {
			isa = PBXNativeTarget;
			buildConfigurationList = 8B5549341ECB0039009C5561 /* Build configuration list for PBXNativeTarget "WordListStudy3" */;
			buildPhases = (
				8B5549081ECB0039009C5561 /* Sources */,
				8B5549091ECB0039009C5561 /* Frameworks */,
				8B55490A1ECB0039009C5561 /* Resources */,
			);
			buildRules = (
			);
			dependencies = (
			);
			name = WordListStudy3;
			productName = WordListStudy3;
			productReference = 8B55490C1ECB0039009C5561 /* WordListStudy3.app */;
			productType = "com.apple.product-type.application";
		};
		8B55491F1ECB0039009C5561 /* WordListStudy3Tests */ = {
			isa = PBXNativeTarget;
			buildConfigurationList = 8B5549371ECB0039009C5561 /* Build configuration list for PBXNativeTarget "WordListStudy3Tests" */;
			buildPhases = (
				8B55491C1ECB0039009C5561 /* Sources */,
				8B55491D1ECB0039009C5561 /* Frameworks */,
				8B55491E1ECB0039009C5561 /* Resources */,
			);
			buildRules = (
			);
			dependencies = (
				8B5549221ECB0039009C5561 /* PBXTargetDependency */,
			);
			name = WordListStudy3Tests;
			productName = WordListStudy3Tests;
			productReference = 8B5549201ECB0039009C5561 /* WordListStudy3Tests.xctest */;
			productType = "com.apple.product-type.bundle.unit-test";
		};
		8B55492A1ECB0039009C5561 /* WordListStudy3UITests */ = {
			isa = PBXNativeTarget;
			buildConfigurationList = 8B55493A1ECB0039009C5561 /* Build configuration list for PBXNativeTarget "WordListStudy3UITests" */;
			buildPhases = (
				8B5549271ECB0039009C5561 /* Sources */,
				8B5549281ECB0039009C5561 /* Frameworks */,
				8B5549291ECB0039009C5561 /* Resources */,
			);
			buildRules = (
			);
			dependencies = (
				8B55492D1ECB0039009C5561 /* PBXTargetDependency */,
			);
			name = WordListStudy3UITests;
			productName = WordListStudy3UITests;
			productReference = 8B55492B1ECB0039009C5561 /* WordListStudy3UITests.xctest */;
			productType = "com.apple.product-type.bundle.ui-testing";
		};
/* End PBXNativeTarget section */

/* Begin PBXProject section */
		8B5549041ECB0039009C5561 /* Project object */ = {
			isa = PBXProject;
			attributes = {
				LastSwiftUpdateCheck = 0830;
				LastUpgradeCheck = 0830;
				ORGANIZATIONNAME = kokiide;
				TargetAttributes = {
					8B55490B1ECB0039009C5561 = {
						CreatedOnToolsVersion = 8.3.1;
						DevelopmentTeam = 449CT75YYP;
						ProvisioningStyle = Automatic;
					};
					8B55491F1ECB0039009C5561 = {
						CreatedOnToolsVersion = 8.3.1;
						DevelopmentTeam = XT2293QFD9;
						ProvisioningStyle = Automatic;
						TestTargetID = 8B55490B1ECB0039009C5561;
					};
					8B55492A1ECB0039009C5561 = {
						CreatedOnToolsVersion = 8.3.1;
						DevelopmentTeam = XT2293QFD9;
						ProvisioningStyle = Automatic;
						TestTargetID = 8B55490B1ECB0039009C5561;
					};
				};
			};
			buildConfigurationList = 8B5549071ECB0039009C5561 /* Build configuration list for PBXProject "WordListStudy3" */;
			compatibilityVersion = "Xcode 3.2";
			developmentRegion = English;
			hasScannedForEncodings = 0;
			knownRegions = (
				en,
				Base,
			);
			mainGroup = 8B5549031ECB0039009C5561;
			productRefGroup = 8B55490D1ECB0039009C5561 /* Products */;
			projectDirPath = "";
			projectRoot = "";
			targets = (
				8B55490B1ECB0039009C5561 /* WordListStudy3 */,
				8B55491F1ECB0039009C5561 /* WordListStudy3Tests */,
				8B55492A1ECB0039009C5561 /* WordListStudy3UITests */,
			);
		};
/* End PBXProject section */

/* Begin PBXResourcesBuildPhase section */
		8B55490A1ECB0039009C5561 /* Resources */ = {
			isa = PBXResourcesBuildPhase;
			buildActionMask = 2147483647;
			files = (
				8B55491A1ECB0039009C5561 /* LaunchScreen.storyboard in Resources */,
				8BFA94371ECB272B000F78D9 /* ListTableViewCell.xib in Resources */,
				8B5549171ECB0039009C5561 /* Assets.xcassets in Resources */,
				8B5549151ECB0039009C5561 /* Main.storyboard in Resources */,
			);
			runOnlyForDeploymentPostprocessing = 0;
		};
		8B55491E1ECB0039009C5561 /* Resources */ = {
			isa = PBXResourcesBuildPhase;
			buildActionMask = 2147483647;
			files = (
			);
			runOnlyForDeploymentPostprocessing = 0;
		};
		8B5549291ECB0039009C5561 /* Resources */ = {
			isa = PBXResourcesBuildPhase;
			buildActionMask = 2147483647;
			files = (
			);
			runOnlyForDeploymentPostprocessing = 0;
		};
/* End PBXResourcesBuildPhase section */

/* Begin PBXSourcesBuildPhase section */
		8B5549081ECB0039009C5561 /* Sources */ = {
			isa = PBXSourcesBuildPhase;
			buildActionMask = 2147483647;
			files = (
				8BFA94361ECB272B000F78D9 /* ListTableViewCell.swift in Sources */,
				8B5549121ECB0039009C5561 /* ViewController.swift in Sources */,
				8B5549401ECB07A8009C5561 /* FinishViewController.swift in Sources */,
				8B5549441ECB07CC009C5561 /* AddViewController.swift in Sources */,
				8B5549461ECB07F0009C5561 /* ListTableViewController.swift in Sources */,
				8B5549101ECB0039009C5561 /* AppDelegate.swift in Sources */,
				8B55493E1ECB079B009C5561 /* QuestionViewController.swift in Sources */,
			);
			runOnlyForDeploymentPostprocessing = 0;
		};
		8B55491C1ECB0039009C5561 /* Sources */ = {
			isa = PBXSourcesBuildPhase;
			buildActionMask = 2147483647;
			files = (
				8B5549251ECB0039009C5561 /* WordListStudy3Tests.swift in Sources */,
			);
			runOnlyForDeploymentPostprocessing = 0;
		};
		8B5549271ECB0039009C5561 /* Sources */ = {
			isa = PBXSourcesBuildPhase;
			buildActionMask = 2147483647;
			files = (
				8B5549301ECB0039009C5561 /* WordListStudy3UITests.swift in Sources */,
			);
			runOnlyForDeploymentPostprocessing = 0;
		};
/* End PBXSourcesBuildPhase section */

/* Begin PBXTargetDependency section */
		8B5549221ECB0039009C5561 /* PBXTargetDependency */ = {
			isa = PBXTargetDependency;
			target = 8B55490B1ECB0039009C5561 /* WordListStudy3 */;
			targetProxy = 8B5549211ECB0039009C5561 /* PBXContainerItemProxy */;
		};
		8B55492D1ECB0039009C5561 /* PBXTargetDependency */ = {
			isa = PBXTargetDependency;
			target = 8B55490B1ECB0039009C5561 /* WordListStudy3 */;
			targetProxy = 8B55492C1ECB0039009C5561 /* PBXContainerItemProxy */;
		};
/* End PBXTargetDependency section */

/* Begin PBXVariantGroup section */
		8B5549131ECB0039009C5561 /* Main.storyboard */ = {
			isa = PBXVariantGroup;
			children = (
				8B5549141ECB0039009C5561 /* Base */,
			);
			name = Main.storyboard;
			sourceTree = "<group>";
		};
		8B5549181ECB0039009C5561 /* LaunchScreen.storyboard */ = {
			isa = PBXVariantGroup;
			children = (
				8B5549191ECB0039009C5561 /* Base */,
			);
			name = LaunchScreen.storyboard;
			sourceTree = "<group>";
		};
/* End PBXVariantGroup section */

/* Begin XCBuildConfiguration section */
		8B5549321ECB0039009C5561 /* Debug */ = {
			isa = XCBuildConfiguration;
			buildSettings = {
				ALWAYS_SEARCH_USER_PATHS = NO;
				CLANG_ANALYZER_NONNULL = YES;
				CLANG_ANALYZER_NUMBER_OBJECT_CONVERSION = YES_AGGRESSIVE;
				CLANG_CXX_LANGUAGE_STANDARD = "gnu++0x";
				CLANG_CXX_LIBRARY = "libc++";
				CLANG_ENABLE_MODULES = YES;
				CLANG_ENABLE_OBJC_ARC = YES;
				CLANG_WARN_BOOL_CONVERSION = YES;
				CLANG_WARN_CONSTANT_CONVERSION = YES;
				CLANG_WARN_DIRECT_OBJC_ISA_USAGE = YES_ERROR;
				CLANG_WARN_DOCUMENTATION_COMMENTS = YES;
				CLANG_WARN_EMPTY_BODY = YES;
				CLANG_WARN_ENUM_CONVERSION = YES;
				CLANG_WARN_INFINITE_RECURSION = YES;
				CLANG_WARN_INT_CONVERSION = YES;
				CLANG_WARN_OBJC_ROOT_CLASS = YES_ERROR;
				CLANG_WARN_SUSPICIOUS_MOVE = YES;
				CLANG_WARN_UNREACHABLE_CODE = YES;
				CLANG_WARN__DUPLICATE_METHOD_MATCH = YES;
				"CODE_SIGN_IDENTITY[sdk=iphoneos*]" = "iPhone Developer";
				COPY_PHASE_STRIP = NO;
				DEBUG_INFORMATION_FORMAT = dwarf;
				ENABLE_STRICT_OBJC_MSGSEND = YES;
				ENABLE_TESTABILITY = YES;
				GCC_C_LANGUAGE_STANDARD = gnu99;
				GCC_DYNAMIC_NO_PIC = NO;
				GCC_NO_COMMON_BLOCKS = YES;
				GCC_OPTIMIZATION_LEVEL = 0;
				GCC_PREPROCESSOR_DEFINITIONS = (
					"DEBUG=1",
					"$(inherited)",
				);
				GCC_WARN_64_TO_32_BIT_CONVERSION = YES;
				GCC_WARN_ABOUT_RETURN_TYPE = YES_ERROR;
				GCC_WARN_UNDECLARED_SELECTOR = YES;
				GCC_WARN_UNINITIALIZED_AUTOS = YES_AGGRESSIVE;
				GCC_WARN_UNUSED_FUNCTION = YES;
				GCC_WARN_UNUSED_VARIABLE = YES;
				IPHONEOS_DEPLOYMENT_TARGET = 10.3;
				MTL_ENABLE_DEBUG_INFO = YES;
				ONLY_ACTIVE_ARCH = YES;
				SDKROOT = iphoneos;
				SWIFT_ACTIVE_COMPILATION_CONDITIONS = DEBUG;
				SWIFT_OPTIMIZATION_LEVEL = "-Onone";
			};
			name = Debug;
		};
		8B5549331ECB0039009C5561 /* Release */ = {
			isa = XCBuildConfiguration;
			buildSettings = {
				ALWAYS_SEARCH_USER_PATHS = NO;
				CLANG_ANALYZER_NONNULL = YES;
				CLANG_ANALYZER_NUMBER_OBJECT_CONVERSION = YES_AGGRESSIVE;
				CLANG_CXX_LANGUAGE_STANDARD = "gnu++0x";
				CLANG_CXX_LIBRARY = "libc++";
				CLANG_ENABLE_MODULES = YES;
				CLANG_ENABLE_OBJC_ARC = YES;
				CLANG_WARN_BOOL_CONVERSION = YES;
				CLANG_WARN_CONSTANT_CONVERSION = YES;
				CLANG_WARN_DIRECT_OBJC_ISA_USAGE = YES_ERROR;
				CLANG_WARN_DOCUMENTATION_COMMENTS = YES;
				CLANG_WARN_EMPTY_BODY = YES;
				CLANG_WARN_ENUM_CONVERSION = YES;
				CLANG_WARN_INFINITE_RECURSION = YES;
				CLANG_WARN_INT_CONVERSION = YES;
				CLANG_WARN_OBJC_ROOT_CLASS = YES_ERROR;
				CLANG_WARN_SUSPICIOUS_MOVE = YES;
				CLANG_WARN_UNREACHABLE_CODE = YES;
				CLANG_WARN__DUPLICATE_METHOD_MATCH = YES;
				"CODE_SIGN_IDENTITY[sdk=iphoneos*]" = "iPhone Developer";
				COPY_PHASE_STRIP = NO;
				DEBUG_INFORMATION_FORMAT = "dwarf-with-dsym";
				ENABLE_NS_ASSERTIONS = NO;
				ENABLE_STRICT_OBJC_MSGSEND = YES;
				GCC_C_LANGUAGE_STANDARD = gnu99;
				GCC_NO_COMMON_BLOCKS = YES;
				GCC_WARN_64_TO_32_BIT_CONVERSION = YES;
				GCC_WARN_ABOUT_RETURN_TYPE = YES_ERROR;
				GCC_WARN_UNDECLARED_SELECTOR = YES;
				GCC_WARN_UNINITIALIZED_AUTOS = YES_AGGRESSIVE;
				GCC_WARN_UNUSED_FUNCTION = YES;
				GCC_WARN_UNUSED_VARIABLE = YES;
				IPHONEOS_DEPLOYMENT_TARGET = 10.3;
				MTL_ENABLE_DEBUG_INFO = NO;
				SDKROOT = iphoneos;
				SWIFT_OPTIMIZATION_LEVEL = "-Owholemodule";
				VALIDATE_PRODUCT = YES;
			};
			name = Release;
		};
		8B5549351ECB0039009C5561 /* Debug */ = {
			isa = XCBuildConfiguration;
			buildSettings = {
				ASSETCATALOG_COMPILER_APPICON_NAME = AppIcon;
				DEVELOPMENT_TEAM = 449CT75YYP;
				INFOPLIST_FILE = WordListStudy3/Info.plist;
				LD_RUNPATH_SEARCH_PATHS = "$(inherited) @executable_path/Frameworks";
				PRODUCT_BUNDLE_IDENTIFIER = com.kokiide.WordListStudy3;
				PRODUCT_NAME = "$(TARGET_NAME)";
				SWIFT_VERSION = 3.0;
			};
			name = Debug;
		};
		8B5549361ECB0039009C5561 /* Release */ = {
			isa = XCBuildConfiguration;
			buildSettings = {
				ASSETCATALOG_COMPILER_APPICON_NAME = AppIcon;
				DEVELOPMENT_TEAM = 449CT75YYP;
				INFOPLIST_FILE = WordListStudy3/Info.plist;
				LD_RUNPATH_SEARCH_PATHS = "$(inherited) @executable_path/Frameworks";
				PRODUCT_BUNDLE_IDENTIFIER = com.kokiide.WordListStudy3;
				PRODUCT_NAME = "$(TARGET_NAME)";
				SWIFT_VERSION = 3.0;
			};
			name = Release;
		};
		8B5549381ECB0039009C5561 /* Debug */ = {
			isa = XCBuildConfiguration;
			buildSettings = {
				ALWAYS_EMBED_SWIFT_STANDARD_LIBRARIES = YES;
				BUNDLE_LOADER = "$(TEST_HOST)";
				DEVELOPMENT_TEAM = XT2293QFD9;
				INFOPLIST_FILE = WordListStudy3Tests/Info.plist;
				LD_RUNPATH_SEARCH_PATHS = "$(inherited) @executable_path/Frameworks @loader_path/Frameworks";
				PRODUCT_BUNDLE_IDENTIFIER = com.kokiide.WordListStudy3Tests;
				PRODUCT_NAME = "$(TARGET_NAME)";
				SWIFT_VERSION = 3.0;
				TEST_HOST = "$(BUILT_PRODUCTS_DIR)/WordListStudy3.app/WordListStudy3";
			};
			name = Debug;
		};
		8B5549391ECB0039009C5561 /* Release */ = {
			isa = XCBuildConfiguration;
			buildSettings = {
				ALWAYS_EMBED_SWIFT_STANDARD_LIBRARIES = YES;
				BUNDLE_LOADER = "$(TEST_HOST)";
				DEVELOPMENT_TEAM = XT2293QFD9;
				INFOPLIST_FILE = WordListStudy3Tests/Info.plist;
				LD_RUNPATH_SEARCH_PATHS = "$(inherited) @executable_path/Frameworks @loader_path/Frameworks";
				PRODUCT_BUNDLE_IDENTIFIER = com.kokiide.WordListStudy3Tests;
				PRODUCT_NAME = "$(TARGET_NAME)";
				SWIFT_VERSION = 3.0;
				TEST_HOST = "$(BUILT_PRODUCTS_DIR)/WordListStudy3.app/WordListStudy3";
			};
			name = Release;
		};
		8B55493B1ECB0039009C5561 /* Debug */ = {
			isa = XCBuildConfiguration;
			buildSettings = {
				ALWAYS_EMBED_SWIFT_STANDARD_LIBRARIES = YES;
				DEVELOPMENT_TEAM = XT2293QFD9;
				INFOPLIST_FILE = WordListStudy3UITests/Info.plist;
				LD_RUNPATH_SEARCH_PATHS = "$(inherited) @executable_path/Frameworks @loader_path/Frameworks";
				PRODUCT_BUNDLE_IDENTIFIER = com.kokiide.WordListStudy3UITests;
				PRODUCT_NAME = "$(TARGET_NAME)";
				SWIFT_VERSION = 3.0;
				TEST_TARGET_NAME = WordListStudy3;
			};
			name = Debug;
		};
		8B55493C1ECB0039009C5561 /* Release */ = {
			isa = XCBuildConfiguration;
			buildSettings = {
				ALWAYS_EMBED_SWIFT_STANDARD_LIBRARIES = YES;
				DEVELOPMENT_TEAM = XT2293QFD9;
				INFOPLIST_FILE = WordListStudy3UITests/Info.plist;
				LD_RUNPATH_SEARCH_PATHS = "$(inherited) @executable_path/Frameworks @loader_path/Frameworks";
				PRODUCT_BUNDLE_IDENTIFIER = com.kokiide.WordListStudy3UITests;
				PRODUCT_NAME = "$(TARGET_NAME)";
				SWIFT_VERSION = 3.0;
				TEST_TARGET_NAME = WordListStudy3;
			};
			name = Release;
		};
/* End XCBuildConfiguration section */

/* Begin XCConfigurationList section */
		8B5549071ECB0039009C5561 /* Build configuration list for PBXProject "WordListStudy3" */ = {
			isa = XCConfigurationList;
			buildConfigurations = (
				8B5549321ECB0039009C5561 /* Debug */,
				8B5549331ECB0039009C5561 /* Release */,
			);
			defaultConfigurationIsVisible = 0;
			defaultConfigurationName = Release;
		};
		8B5549341ECB0039009C5561 /* Build configuration list for PBXNativeTarget "WordListStudy3" */ = {
			isa = XCConfigurationList;
			buildConfigurations = (
				8B5549351ECB0039009C5561 /* Debug */,
				8B5549361ECB0039009C5561 /* Release */,
			);
			defaultConfigurationIsVisible = 0;
			defaultConfigurationName = Release;
		};
		8B5549371ECB0039009C5561 /* Build configuration list for PBXNativeTarget "WordListStudy3Tests" */ = {
			isa = XCConfigurationList;
			buildConfigurations = (
				8B5549381ECB0039009C5561 /* Debug */,
				8B5549391ECB0039009C5561 /* Release */,
			);
			defaultConfigurationIsVisible = 0;
			defaultConfigurationName = Release;
		};
		8B55493A1ECB0039009C5561 /* Build configuration list for PBXNativeTarget "WordListStudy3UITests" */ = {
			isa = XCConfigurationList;
			buildConfigurations = (
				8B55493B1ECB0039009C5561 /* Debug */,
				8B55493C1ECB0039009C5561 /* Release */,
			);
			defaultConfigurationIsVisible = 0;
			defaultConfigurationName = Release;
		};
/* End XCConfigurationList section */
	};
	rootObject = 8B5549041ECB0039009C5561 /* Project object */;
}
